
Microsoft Visual Studio Solution File, Format Version 12.00
# Visual Studio Version 17
VisualStudioVersion = 17.4.33213.308
MinimumVisualStudioVersion = 10.0.40219.1
Project("{9A19103F-16F7-4668-BE54-9A1E7A4F7556}") = "Utils.ConnectorAPI.Techex.MWCore", "Utils.ConnectorAPI.Techex.MWCore\Utils.ConnectorAPI.Techex.MWCore.csproj", "{8BB03D21-966B-4C20-990C-9522CF572146}"
EndProject
Project("{2150E333-8FDC-42A3-9474-1A3956D46DE8}") = "Solution Items", "Solution Items", "{80F328FC-1A93-47A3-907D-0F4F2619E7C5}"
	ProjectSection(SolutionItems) = preProject
		README.md = README.md
	EndProjectSection
EndProject
Global
	GlobalSection(SolutionConfigurationPlatforms) = preSolution
		Debug|Any CPU = Debug|Any CPU
		Release|Any CPU = Release|Any CPU
	EndGlobalSection
	GlobalSection(ProjectConfigurationPlatforms) = postSolution
		{8BB03D21-966B-4C20-990C-9522CF572146}.Debug|Any CPU.ActiveCfg = Debug|Any CPU
		{8BB03D21-966B-4C20-990C-9522CF572146}.Debug|Any CPU.Build.0 = Debug|Any CPU
		{8BB03D21-966B-4C20-990C-9522CF572146}.Release|Any CPU.ActiveCfg = Release|Any CPU
		{8BB03D21-966B-4C20-990C-9522CF572146}.Release|Any CPU.Build.0 = Release|Any CPU
	EndGlobalSection
	GlobalSection(SolutionProperties) = preSolution
		HideSolutionNode = FALSE
	EndGlobalSection
	GlobalSection(ExtensibilityGlobals) = postSolution
		SolutionGuid = {83AFAC46-811A-4BB3-B7F9-A8CF9A73E2AC}
	EndGlobalSection
EndGlobal
